// !$*UTF8*$!
{
	archiveVersion = 1;
	classes = {
	};
	objectVersion = 77;
	objects = {

/* Begin PBXContainerItemProxy section */
		7CF8791F2F4008AB003114C4 /* PBXContainerItemProxy */ = {
			isa = PBXContainerItemProxy;
			containerPortal = 7CF879092F4008AA003114C4 /* Project object */;
			proxyType = 1;
			remoteGlobalIDString = 7CF879102F4008AA003114C4;
			remoteInfo = HackBeanpot2026;
		};
		7CF879292F4008AB003114C4 /* PBXContainerItemProxy */ = {
			isa = PBXContainerItemProxy;
			containerPortal = 7CF879092F4008AA003114C4 /* Project object */;
			proxyType = 1;
			remoteGlobalIDString = 7CF879102F4008AA003114C4;
			remoteInfo = HackBeanpot2026;
		};
/* End PBXContainerItemProxy section */

/* Begin PBXFileReference section */
		7CF879112F4008AA003114C4 /* HackBeanpot2026.app */ = {isa = PBXFileReference; explicitFileType = wrapper.application; includeInIndex = 0; path = HackBeanpot2026.app; sourceTree = BUILT_PRODUCTS_DIR; };
		7CF8791E2F4008AB003114C4 /* HackBeanpot2026Tests.xctest */ = {isa = PBXFileReference; explicitFileType = wrapper.cfbundle; includeInIndex = 0; path = HackBeanpot2026Tests.xctest; sourceTree = BUILT_PRODUCTS_DIR; };
		7CF879282F4008AB003114C4 /* HackBeanpot2026UITests.xctest */ = {isa = PBXFileReference; explicitFileType = wrapper.cfbundle; includeInIndex = 0; path = HackBeanpot2026UITests.xctest; sourceTree = BUILT_PRODUCTS_DIR; };
/* End PBXFileReference section */

/* Begin PBXFileSystemSynchronizedRootGroup section */
		7CF879132F4008AA003114C4 /* HackBeanpot2026 */ = {
			isa = PBXFileSystemSynchronizedRootGroup;
			path = HackBeanpot2026;
			sourceTree = "<group>";
		};
		7CF879212F4008AB003114C4 /* HackBeanpot2026Tests */ = {
			isa = PBXFileSystemSynchronizedRootGroup;
			path = HackBeanpot2026Tests;
			sourceTree = "<group>";
		};
		7CF8792B2F4008AB003114C4 /* HackBeanpot2026UITests */ = {
			isa = PBXFileSystemSynchronizedRootGroup;
			path = HackBeanpot2026UITests;
			sourceTree = "<group>";
		};
/* End PBXFileSystemSynchronizedRootGroup section */

/* Begin PBXFrameworksBuildPhase section */
		7CF8790E2F4008AA003114C4 /* Frameworks */ = {
			isa = PBXFrameworksBuildPhase;
			buildActionMask = 2147483647;
			files = (
			);
			runOnlyForDeploymentPostprocessing = 0;
		};
		7CF8791B2F4008AB003114C4 /* Frameworks */ = {
			isa = PBXFrameworksBuildPhase;
			buildActionMask = 2147483647;
			files = (
			);
			runOnlyForDeploymentPostprocessing = 0;
		};
		7CF879252F4008AB003114C4 /* Frameworks */ = {
			isa = PBXFrameworksBuildPhase;
			buildActionMask = 2147483647;
			files = (
			);
			runOnlyForDeploymentPostprocessing = 0;
		};
/* End PBXFrameworksBuildPhase section */

/* Begin PBXGroup section */
		7CF879082F4008AA003114C4 = {
			isa = PBXGroup;
			children = (
				7CF879132F4008AA003114C4 /* HackBeanpot2026 */,
				7CF879212F4008AB003114C4 /* HackBeanpot2026Tests */,
				7CF8792B2F4008AB003114C4 /* HackBeanpot2026UITests */,
				7CF879122F4008AA003114C4 /* Products */,
			);
			sourceTree = "<group>";
		};
		7CF879122F4008AA003114C4 /* Products */ = {
			isa = PBXGroup;
			children = (
				7CF879112F4008AA003114C4 /* HackBeanpot2026.app */,
				7CF8791E2F4008AB003114C4 /* HackBeanpot2026Tests.xctest */,
				7CF879282F4008AB003114C4 /* HackBeanpot2026UITests.xctest */,
			);
			name = Products;
			sourceTree = "<group>";
		};
/* End PBXGroup section */

/* Begin PBXNativeTarget section */
		7CF879102F4008AA003114C4 /* HackBeanpot2026 */ = {
			isa = PBXNativeTarget;
			buildConfigurationList = 7CF879322F4008AB003114C4 /* Build configuration list for PBXNativeTarget "HackBeanpot2026" */;
			buildPhases = (
				7CF8790D2F4008AA003114C4 /* Sources */,
				7CF8790E2F4008AA003114C4 /* Frameworks */,
				7CF8790F2F4008AA003114C4 /* Resources */,
			);
			buildRules = (
			);
			dependencies = (
			);
			fileSystemSynchronizedGroups = (
				7CF879132F4008AA003114C4 /* HackBeanpot2026 */,
			);
			name = HackBeanpot2026;
			packageProductDependencies = (
			);
			productName = HackBeanpot2026;
			productReference = 7CF879112F4008AA003114C4 /* HackBeanpot2026.app */;
			productType = "com.apple.product-type.application";
		};
		7CF8791D2F4008AB003114C4 /* HackBeanpot2026Tests */ = {
			isa = PBXNativeTarget;
			buildConfigurationList = 7CF879352F4008AB003114C4 /* Build configuration list for PBXNativeTarget "HackBeanpot2026Tests" */;
			buildPhases = (
				7CF8791A2F4008AB003114C4 /* Sources */,
				7CF8791B2F4008AB003114C4 /* Frameworks */,
				7CF8791C2F4008AB003114C4 /* Resources */,
			);
			buildRules = (
			);
			dependencies = (
				7CF879202F4008AB003114C4 /* PBXTargetDependency */,
			);
			fileSystemSynchronizedGroups = (
				7CF879212F4008AB003114C4 /* HackBeanpot2026Tests */,
			);
			name = HackBeanpot2026Tests;
			packageProductDependencies = (
			);
			productName = HackBeanpot2026Tests;
			productReference = 7CF8791E2F4008AB003114C4 /* HackBeanpot2026Tests.xctest */;
			productType = "com.apple.product-type.bundle.unit-test";
		};
		7CF879272F4008AB003114C4 /* HackBeanpot2026UITests */ = {
			isa = PBXNativeTarget;
			buildConfigurationList = 7CF879382F4008AB003114C4 /* Build configuration list for PBXNativeTarget "HackBeanpot2026UITests" */;
			buildPhases = (
				7CF879242F4008AB003114C4 /* Sources */,
				7CF879252F4008AB003114C4 /* Frameworks */,
				7CF879262F4008AB003114C4 /* Resources */,
			);
			buildRules = (
			);
			dependencies = (
				7CF8792A2F4008AB003114C4 /* PBXTargetDependency */,
			);
			fileSystemSynchronizedGroups = (
				7CF8792B2F4008AB003114C4 /* HackBeanpot2026UITests */,
			);
			name = HackBeanpot2026UITests;
			packageProductDependencies = (
			);
			productName = HackBeanpot2026UITests;
			productReference = 7CF879282F4008AB003114C4 /* HackBeanpot2026UITests.xctest */;
			productType = "com.apple.product-type.bundle.ui-testing";
		};
/* End PBXNativeTarget section */

/* Begin PBXProject section */
		7CF879092F4008AA003114C4 /* Project object */ = {
			isa = PBXProject;
			attributes = {
				BuildIndependentTargetsInParallel = 1;
				LastSwiftUpdateCheck = 2600;
				LastUpgradeCheck = 2600;
				TargetAttributes = {
					7CF879102F4008AA003114C4 = {
						CreatedOnToolsVersion = 26.0;
					};
					7CF8791D2F4008AB003114C4 = {
						CreatedOnToolsVersion = 26.0;
						TestTargetID = 7CF879102F4008AA003114C4;
					};
					7CF879272F4008AB003114C4 = {
						CreatedOnToolsVersion = 26.0;
						TestTargetID = 7CF879102F4008AA003114C4;
					};
				};
			};
			buildConfigurationList = 7CF8790C2F4008AA003114C4 /* Build configuration list for PBXProject "HackBeanpot2026" */;
			developmentRegion = en;
			hasScannedForEncodings = 0;
			knownRegions = (
				en,
				Base,
			);
			mainGroup = 7CF879082F4008AA003114C4;
			minimizedProjectReferenceProxies = 1;
			preferredProjectObjectVersion = 77;
			productRefGroup = 7CF879122F4008AA003114C4 /* Products */;
			projectDirPath = "";
			projectRoot = "";
			targets = (
				7CF879102F4008AA003114C4 /* HackBeanpot2026 */,
				7CF8791D2F4008AB003114C4 /* HackBeanpot2026Tests */,
				7CF879272F4008AB003114C4 /* HackBeanpot2026UITests */,
			);
		};
/* End PBXProject section */

/* Begin PBXResourcesBuildPhase section */
		7CF8790F2F4008AA003114C4 /* Resources */ = {
			isa = PBXResourcesBuildPhase;
			buildActionMask = 2147483647;
			files = (
			);
			runOnlyForDeploymentPostprocessing = 0;
		};
		7CF8791C2F4008AB003114C4 /* Resources */ = {
			isa = PBXResourcesBuildPhase;
			buildActionMask = 2147483647;
			files = (
			);
			runOnlyForDeploymentPostprocessing = 0;
		};
		7CF879262F4008AB003114C4 /* Resources */ = {
			isa = PBXResourcesBuildPhase;
			buildActionMask = 2147483647;
			files = (
			);
			runOnlyForDeploymentPostprocessing = 0;
		};
/* End PBXResourcesBuildPhase section */

/* Begin PBXSourcesBuildPhase section */
		7CF8790D2F4008AA003114C4 /* Sources */ = {
			isa = PBXSourcesBuildPhase;
			buildActionMask = 2147483647;
			files = (
			);
			runOnlyForDeploymentPostprocessing = 0;
		};
		7CF8791A2F4008AB003114C4 /* Sources */ = {
			isa = PBXSourcesBuildPhase;
			buildActionMask = 2147483647;
			files = (
			);
			runOnlyForDeploymentPostprocessing = 0;
		};
		7CF879242F4008AB003114C4 /* Sources */ = {
			isa = PBXSourcesBuildPhase;
			buildActionMask = 2147483647;
			files = (
			);
			runOnlyForDeploymentPostprocessing = 0;
		};
/* End PBXSourcesBuildPhase section */

/* Begin PBXTargetDependency section */
		7CF879202F4008AB003114C4 /* PBXTargetDependency */ = {
			isa = PBXTargetDependency;
			target = 7CF879102F4008AA003114C4 /* HackBeanpot2026 */;
			targetProxy = 7CF8791F2F4008AB003114C4 /* PBXContainerItemProxy */;
		};
		7CF8792A2F4008AB003114C4 /* PBXTargetDependency */ = {
			isa = PBXTargetDependency;
			target = 7CF879102F4008AA003114C4 /* HackBeanpot2026 */;
			targetProxy = 7CF879292F4008AB003114C4 /* PBXContainerItemProxy */;
		};
/* End PBXTargetDependency section */

/* Begin XCBuildConfiguration section */
		7CF879302F4008AB003114C4 /* Debug */ = {
			isa = XCBuildConfiguration;
			buildSettings = {
				ALWAYS_SEARCH_USER_PATHS = NO;
				ASSETCATALOG_COMPILER_GENERATE_SWIFT_ASSET_SYMBOL_EXTENSIONS = YES;
				CLANG_ANALYZER_NONNULL = YES;
				CLANG_ANALYZER_NUMBER_OBJECT_CONVERSION = YES_AGGRESSIVE;
				CLANG_CXX_LANGUAGE_STANDARD = "gnu++20";
				CLANG_ENABLE_MODULES = YES;
				CLANG_ENABLE_OBJC_ARC = YES;
				CLANG_ENABLE_OBJC_WEAK = YES;
				CLANG_WARN_BLOCK_CAPTURE_AUTORELEASING = YES;
				CLANG_WARN_BOOL_CONVERSION = YES;
				CLANG_WARN_COMMA = YES;
				CLANG_WARN_CONSTANT_CONVERSION = YES;
				CLANG_WARN_DEPRECATED_OBJC_IMPLEMENTATIONS = YES;
				CLANG_WARN_DIRECT_OBJC_ISA_USAGE = YES_ERROR;
				CLANG_WARN_DOCUMENTATION_COMMENTS = YES;
				CLANG_WARN_EMPTY_BODY = YES;
				CLANG_WARN_ENUM_CONVERSION = YES;
				CLANG_WARN_INFINITE_RECURSION = YES;
				CLANG_WARN_INT_CONVERSION = YES;
				CLANG_WARN_NON_LITERAL_NULL_CONVERSION = YES;
				CLANG_WARN_OBJC_IMPLICIT_RETAIN_SELF = YES;
				CLANG_WARN_OBJC_LITERAL_CONVERSION = YES;
				CLANG_WARN_OBJC_ROOT_CLASS = YES_ERROR;
				CLANG_WARN_QUOTED_INCLUDE_IN_FRAMEWORK_HEADER = YES;
				CLANG_WARN_RANGE_LOOP_ANALYSIS = YES;
				CLANG_WARN_STRICT_PROTOTYPES = YES;
				CLANG_WARN_SUSPICIOUS_MOVE = YES;
				CLANG_WARN_UNGUARDED_AVAILABILITY = YES_AGGRESSIVE;
				CLANG_WARN_UNREACHABLE_CODE = YES;
				CLANG_WARN__DUPLICATE_METHOD_MATCH = YES;
				COPY_PHASE_STRIP = NO;
				DEBUG_INFORMATION_FORMAT = dwarf;
				DEVELOPMENT_TEAM = 7H43V6242K;
				ENABLE_STRICT_OBJC_MSGSEND = YES;
				ENABLE_TESTABILITY = YES;
				ENABLE_USER_SCRIPT_SANDBOXING = YES;
				GCC_C_LANGUAGE_STANDARD = gnu17;
				GCC_DYNAMIC_NO_PIC = NO;
				GCC_NO_COMMON_BLOCKS = YES;
				GCC_OPTIMIZATION_LEVEL = 0;
				GCC_PREPROCESSOR_DEFINITIONS = (
					"DEBUG=1",
					"$(inherited)",
				);
				GCC_WARN_64_TO_32_BIT_CONVERSION = YES;
				GCC_WARN_ABOUT_RETURN_TYPE = YES_ERROR;
				GCC_WARN_UNDECLARED_SELECTOR = YES;
				GCC_WARN_UNINITIALIZED_AUTOS = YES_AGGRESSIVE;
				GCC_WARN_UNUSED_FUNCTION = YES;
				GCC_WARN_UNUSED_VARIABLE = YES;
				IPHONEOS_DEPLOYMENT_TARGET = 26.0;
				LOCALIZATION_PREFERS_STRING_CATALOGS = YES;
				MTL_ENABLE_DEBUG_INFO = INCLUDE_SOURCE;
				MTL_FAST_MATH = YES;
				ONLY_ACTIVE_ARCH = YES;
				SDKROOT = iphoneos;
				SWIFT_ACTIVE_COMPILATION_CONDITIONS = "DEBUG $(inherited)";
				SWIFT_OPTIMIZATION_LEVEL = "-Onone";
			};
			name = Debug;
		};
		7CF879312F4008AB003114C4 /* Release */ = {
			isa = XCBuildConfiguration;
			buildSettings = {
				ALWAYS_SEARCH_USER_PATHS = NO;
				ASSETCATALOG_COMPILER_GENERATE_SWIFT_ASSET_SYMBOL_EXTENSIONS = YES;
				CLANG_ANALYZER_NONNULL = YES;
				CLANG_ANALYZER_NUMBER_OBJECT_CONVERSION = YES_AGGRESSIVE;
				CLANG_CXX_LANGUAGE_STANDARD = "gnu++20";
				CLANG_ENABLE_MODULES = YES;
				CLANG_ENABLE_OBJC_ARC = YES;
				CLANG_ENABLE_OBJC_WEAK = YES;
				CLANG_WARN_BLOCK_CAPTURE_AUTORELEASING = YES;
				CLANG_WARN_BOOL_CONVERSION = YES;
				CLANG_WARN_COMMA = YES;
				CLANG_WARN_CONSTANT_CONVERSION = YES;
				CLANG_WARN_DEPRECATED_OBJC_IMPLEMENTATIONS = YES;
				CLANG_WARN_DIRECT_OBJC_ISA_USAGE = YES_ERROR;
				CLANG_WARN_DOCUMENTATION_COMMENTS = YES;
				CLANG_WARN_EMPTY_BODY = YES;
				CLANG_WARN_ENUM_CONVERSION = YES;
				CLANG_WARN_INFINITE_RECURSION = YES;
				CLANG_WARN_INT_CONVERSION = YES;
				CLANG_WARN_NON_LITERAL_NULL_CONVERSION = YES;
				CLANG_WARN_OBJC_IMPLICIT_RETAIN_SELF = YES;
				CLANG_WARN_OBJC_LITERAL_CONVERSION = YES;
				CLANG_WARN_OBJC_ROOT_CLASS = YES_ERROR;
				CLANG_WARN_QUOTED_INCLUDE_IN_FRAMEWORK_HEADER = YES;
				CLANG_WARN_RANGE_LOOP_ANALYSIS = YES;
				CLANG_WARN_STRICT_PROTOTYPES = YES;
				CLANG_WARN_SUSPICIOUS_MOVE = YES;
				CLANG_WARN_UNGUARDED_AVAILABILITY = YES_AGGRESSIVE;
				CLANG_WARN_UNREACHABLE_CODE = YES;
				CLANG_WARN__DUPLICATE_METHOD_MATCH = YES;
				COPY_PHASE_STRIP = NO;
				DEBUG_INFORMATION_FORMAT = "dwarf-with-dsym";
				DEVELOPMENT_TEAM = 7H43V6242K;
				ENABLE_NS_ASSERTIONS = NO;
				ENABLE_STRICT_OBJC_MSGSEND = YES;
				ENABLE_USER_SCRIPT_SANDBOXING = YES;
				GCC_C_LANGUAGE_STANDARD = gnu17;
				GCC_NO_COMMON_BLOCKS = YES;
				GCC_WARN_64_TO_32_BIT_CONVERSION = YES;
				GCC_WARN_ABOUT_RETURN_TYPE = YES_ERROR;
				GCC_WARN_UNDECLARED_SELECTOR = YES;
				GCC_WARN_UNINITIALIZED_AUTOS = YES_AGGRESSIVE;
				GCC_WARN_UNUSED_FUNCTION = YES;
				GCC_WARN_UNUSED_VARIABLE = YES;
				IPHONEOS_DEPLOYMENT_TARGET = 26.0;
				LOCALIZATION_PREFERS_STRING_CATALOGS = YES;
				MTL_ENABLE_DEBUG_INFO = NO;
				MTL_FAST_MATH = YES;
				SDKROOT = iphoneos;
				SWIFT_COMPILATION_MODE = wholemodule;
				VALIDATE_PRODUCT = YES;
			};
			name = Release;
		};
		7CF879332F4008AB003114C4 /* Debug */ = {
			isa = XCBuildConfiguration;
			buildSettings = {
				ASSETCATALOG_COMPILER_APPICON_NAME = AppIcon;
				ASSETCATALOG_COMPILER_GLOBAL_ACCENT_COLOR_NAME = AccentColor;
				CODE_SIGN_STYLE = Automatic;
				CURRENT_PROJECT_VERSION = 1;
				DEVELOPMENT_TEAM = 7H43V6242K;
				ENABLE_PREVIEWS = YES;
				GENERATE_INFOPLIST_FILE = YES;
				INFOPLIST_KEY_NSCameraUsageDescription = "This app needs camera access to take photos of job application confirmations for verification.";
				INFOPLIST_KEY_NSHealthShareUsageDescription = "This app needs access to your health data to verify completion of fitness and sleep habits for your virtual pet.";
				INFOPLIST_KEY_NSHealthUpdateUsageDescription = "This app may update your health data as part of habit tracking.";
				INFOPLIST_KEY_NSLocationAlwaysAndWhenInUseUsageDescription = "This app uses location services to track outdoor activities and verify task completion even when running in the background.";
				INFOPLIST_KEY_NSLocationWhenInUseUsageDescription = "This app uses your location to verify when you go outside as part of your healthy habits.";
				INFOPLIST_KEY_NSPhotoLibraryUsageDescription = "This app needs photo library access to upload photos of job application confirmations for verification.";
				INFOPLIST_KEY_UIApplicationSceneManifest_Generation = YES;
				INFOPLIST_KEY_UIApplicationSupportsIndirectInputEvents = YES;
				INFOPLIST_KEY_UILaunchScreen_Generation = YES;
				INFOPLIST_KEY_UISupportedInterfaceOrientations_iPad = "UIInterfaceOrientationPortrait UIInterfaceOrientationPortraitUpsideDown UIInterfaceOrientationLandscapeLeft UIInterfaceOrientationLandscapeRight";
				INFOPLIST_KEY_UISupportedInterfaceOrientations_iPhone = "UIInterfaceOrientationPortrait UIInterfaceOrientationLandscapeLeft UIInterfaceOrientationLandscapeRight";
				LD_RUNPATH_SEARCH_PATHS = (
					"$(inherited)",
					"@executable_path/Frameworks",
				);
				MARKETING_VERSION = 1.0;
				PRODUCT_BUNDLE_IDENTIFIER = com.robpatterson.HackBeanpot2026;
				PRODUCT_NAME = "$(TARGET_NAME)";
				STRING_CATALOG_GENERATE_SYMBOLS = YES;
				SWIFT_APPROACHABLE_CONCURRENCY = YES;
				SWIFT_DEFAULT_ACTOR_ISOLATION = MainActor;
				SWIFT_EMIT_LOC_STRINGS = YES;
				SWIFT_UPCOMING_FEATURE_MEMBER_IMPORT_VISIBILITY = YES;
				SWIFT_VERSION = 5.0;
				TARGETED_DEVICE_FAMILY = "1,2";
			};
			name = Debug;
		};
		7CF879342F4008AB003114C4 /* Release */ = {
			isa = XCBuildConfiguration;
			buildSettings = {
				ASSETCATALOG_COMPILER_APPICON_NAME = AppIcon;
				ASSETCATALOG_COMPILER_GLOBAL_ACCENT_COLOR_NAME = AccentColor;
				CODE_SIGN_STYLE = Automatic;
				CURRENT_PROJECT_VERSION = 1;
				DEVELOPMENT_TEAM = 7H43V6242K;
				ENABLE_PREVIEWS = YES;
				GENERATE_INFOPLIST_FILE = YES;
				INFOPLIST_KEY_NSCameraUsageDescription = "This app needs camera access to take photos of job application confirmations for verification.";
				INFOPLIST_KEY_NSHealthShareUsageDescription = "This app needs access to your health data to verify completion of fitness and sleep habits for your virtual pet.";
				INFOPLIST_KEY_NSHealthUpdateUsageDescription = "This app may update your health data as part of habit tracking.";
				INFOPLIST_KEY_NSLocationAlwaysAndWhenInUseUsageDescription = "This app uses location services to track outdoor activities and verify task completion even when running in the background.";
				INFOPLIST_KEY_NSLocationWhenInUseUsageDescription = "This app uses your location to verify when you go outside as part of your healthy habits.";
				INFOPLIST_KEY_NSPhotoLibraryUsageDescription = "This app needs photo library access to upload photos of job application confirmations for verification.";
				INFOPLIST_KEY_UIApplicationSceneManifest_Generation = YES;
				INFOPLIST_KEY_UIApplicationSupportsIndirectInputEvents = YES;
				INFOPLIST_KEY_UILaunchScreen_Generation = YES;
				INFOPLIST_KEY_UISupportedInterfaceOrientations_iPad = "UIInterfaceOrientationPortrait UIInterfaceOrientationPortraitUpsideDown UIInterfaceOrientationLandscapeLeft UIInterfaceOrientationLandscapeRight";
				INFOPLIST_KEY_UISupportedInterfaceOrientations_iPhone = "UIInterfaceOrientationPortrait UIInterfaceOrientationLandscapeLeft UIInterfaceOrientationLandscapeRight";
				LD_RUNPATH_SEARCH_PATHS = (
					"$(inherited)",
					"@executable_path/Frameworks",
				);
				MARKETING_VERSION = 1.0;
				PRODUCT_BUNDLE_IDENTIFIER = com.robpatterson.HackBeanpot2026;
				PRODUCT_NAME = "$(TARGET_NAME)";
				STRING_CATALOG_GENERATE_SYMBOLS = YES;
				SWIFT_APPROACHABLE_CONCURRENCY = YES;
				SWIFT_DEFAULT_ACTOR_ISOLATION = MainActor;
				SWIFT_EMIT_LOC_STRINGS = YES;
				SWIFT_UPCOMING_FEATURE_MEMBER_IMPORT_VISIBILITY = YES;
				SWIFT_VERSION = 5.0;
				TARGETED_DEVICE_FAMILY = "1,2";
			};
			name = Release;
		};
		7CF879362F4008AB003114C4 /* Debug */ = {
			isa = XCBuildConfiguration;
			buildSettings = {
				BUNDLE_LOADER = "$(TEST_HOST)";
				CODE_SIGN_STYLE = Automatic;
				CURRENT_PROJECT_VERSION = 1;
				DEVELOPMENT_TEAM = 7H43V6242K;
				GENERATE_INFOPLIST_FILE = YES;
				IPHONEOS_DEPLOYMENT_TARGET = 26.0;
				MARKETING_VERSION = 1.0;
				PRODUCT_BUNDLE_IDENTIFIER = com.robpatterson.HackBeanpot2026Tests;
				PRODUCT_NAME = "$(TARGET_NAME)";
				STRING_CATALOG_GENERATE_SYMBOLS = NO;
				SWIFT_APPROACHABLE_CONCURRENCY = YES;
				SWIFT_EMIT_LOC_STRINGS = NO;
				SWIFT_UPCOMING_FEATURE_MEMBER_IMPORT_VISIBILITY = YES;
				SWIFT_VERSION = 5.0;
				TARGETED_DEVICE_FAMILY = "1,2";
				TEST_HOST = "$(BUILT_PRODUCTS_DIR)/HackBeanpot2026.app/$(BUNDLE_EXECUTABLE_FOLDER_PATH)/HackBeanpot2026";
			};
			name = Debug;
		};
		7CF879372F4008AB003114C4 /* Release */ = {
			isa = XCBuildConfiguration;
			buildSettings = {
				BUNDLE_LOADER = "$(TEST_HOST)";
				CODE_SIGN_STYLE = Automatic;
				CURRENT_PROJECT_VERSION = 1;
				DEVELOPMENT_TEAM = 7H43V6242K;
				GENERATE_INFOPLIST_FILE = YES;
				IPHONEOS_DEPLOYMENT_TARGET = 26.0;
				MARKETING_VERSION = 1.0;
				PRODUCT_BUNDLE_IDENTIFIER = com.robpatterson.HackBeanpot2026Tests;
				PRODUCT_NAME = "$(TARGET_NAME)";
				STRING_CATALOG_GENERATE_SYMBOLS = NO;
				SWIFT_APPROACHABLE_CONCURRENCY = YES;
				SWIFT_EMIT_LOC_STRINGS = NO;
				SWIFT_UPCOMING_FEATURE_MEMBER_IMPORT_VISIBILITY = YES;
				SWIFT_VERSION = 5.0;
				TARGETED_DEVICE_FAMILY = "1,2";
				TEST_HOST = "$(BUILT_PRODUCTS_DIR)/HackBeanpot2026.app/$(BUNDLE_EXECUTABLE_FOLDER_PATH)/HackBeanpot2026";
			};
			name = Release;
		};
		7CF879392F4008AB003114C4 /* Debug */ = {
			isa = XCBuildConfiguration;
			buildSettings = {
				CODE_SIGN_STYLE = Automatic;
				CURRENT_PROJECT_VERSION = 1;
				DEVELOPMENT_TEAM = 7H43V6242K;
				GENERATE_INFOPLIST_FILE = YES;
				MARKETING_VERSION = 1.0;
				PRODUCT_BUNDLE_IDENTIFIER = com.robpatterson.HackBeanpot2026UITests;
				PRODUCT_NAME = "$(TARGET_NAME)";
				STRING_CATALOG_GENERATE_SYMBOLS = NO;
				SWIFT_APPROACHABLE_CONCURRENCY = YES;
				SWIFT_EMIT_LOC_STRINGS = NO;
				SWIFT_UPCOMING_FEATURE_MEMBER_IMPORT_VISIBILITY = YES;
				SWIFT_VERSION = 5.0;
				TARGETED_DEVICE_FAMILY = "1,2";
				TEST_TARGET_NAME = HackBeanpot2026;
			};
			name = Debug;
		};
		7CF8793A2F4008AB003114C4 /* Release */ = {
			isa = XCBuildConfiguration;
			buildSettings = {
				CODE_SIGN_STYLE = Automatic;
				CURRENT_PROJECT_VERSION = 1;
				DEVELOPMENT_TEAM = 7H43V6242K;
				GENERATE_INFOPLIST_FILE = YES;
				MARKETING_VERSION = 1.0;
				PRODUCT_BUNDLE_IDENTIFIER = com.robpatterson.HackBeanpot2026UITests;
				PRODUCT_NAME = "$(TARGET_NAME)";
				STRING_CATALOG_GENERATE_SYMBOLS = NO;
				SWIFT_APPROACHABLE_CONCURRENCY = YES;
				SWIFT_EMIT_LOC_STRINGS = NO;
				SWIFT_UPCOMING_FEATURE_MEMBER_IMPORT_VISIBILITY = YES;
				SWIFT_VERSION = 5.0;
				TARGETED_DEVICE_FAMILY = "1,2";
				TEST_TARGET_NAME = HackBeanpot2026;
			};
			name = Release;
		};
/* End XCBuildConfiguration section */

/* Begin XCConfigurationList section */
		7CF8790C2F4008AA003114C4 /* Build configuration list for PBXProject "HackBeanpot2026" */ = {
			isa = XCConfigurationList;
			buildConfigurations = (
				7CF879302F4008AB003114C4 /* Debug */,
				7CF879312F4008AB003114C4 /* Release */,
			);
			defaultConfigurationIsVisible = 0;
			defaultConfigurationName = Release;
		};
		7CF879322F4008AB003114C4 /* Build configuration list for PBXNativeTarget "HackBeanpot2026" */ = {
			isa = XCConfigurationList;
			buildConfigurations = (
				7CF879332F4008AB003114C4 /* Debug */,
				7CF879342F4008AB003114C4 /* Release */,
			);
			defaultConfigurationIsVisible = 0;
			defaultConfigurationName = Release;
		};
		7CF879352F4008AB003114C4 /* Build configuration list for PBXNativeTarget "HackBeanpot2026Tests" */ = {
			isa = XCConfigurationList;
			buildConfigurations = (
				7CF879362F4008AB003114C4 /* Debug */,
				7CF879372F4008AB003114C4 /* Release */,
			);
			defaultConfigurationIsVisible = 0;
			defaultConfigurationName = Release;
		};
		7CF879382F4008AB003114C4 /* Build configuration list for PBXNativeTarget "HackBeanpot2026UITests" */ = {
			isa = XCConfigurationList;
			buildConfigurations = (
				7CF879392F4008AB003114C4 /* Debug */,
				7CF8793A2F4008AB003114C4 /* Release */,
			);
			defaultConfigurationIsVisible = 0;
			defaultConfigurationName = Release;
		};
/* End XCConfigurationList section */
	};
	rootObject = 7CF879092F4008AA003114C4 /* Project object */;
}
